
Microsoft Visual Studio Solution File, Format Version 12.00
# Visual Studio Version 16
VisualStudioVersion = 16.0.30503.244
MinimumVisualStudioVersion = 10.0.40219.1
Project("{2150E333-8FDC-42A3-9474-1A3956D46DE8}") = "1.API", "1.API", "{67CBEB3C-584E-4175-A268-E1DE1006618F}"
EndProject
Project("{9A19103F-16F7-4668-BE54-9A1E7A4F7556}") = "Employee.API", "Employee\Employee.API\Employee.API.csproj", "{9512490D-ECCA-434C-9FDE-D8873B8F3494}"
EndProject
Project("{9A19103F-16F7-4668-BE54-9A1E7A4F7556}") = "Employee.API.Common", "Employee\Employee.API.Common\Employee.API.Common.csproj", "{BB8BF558-90F9-469D-B935-5D12DF173EC6}"
EndProject
Project("{9A19103F-16F7-4668-BE54-9A1E7A4F7556}") = "Employee.API.DataContracts", "Employee\Employee.API.DataContracts\Employee.API.DataContracts.csproj", "{DD1AF20D-8185-4367-9C12-F1189C678C2C}"
EndProject
Project("{2150E333-8FDC-42A3-9474-1A3956D46DE8}") = "00.Tests", "00.Tests", "{0B32C697-0BE7-4D26-A490-EFB45E8D500B}"
EndProject
Project("{9A19103F-16F7-4668-BE54-9A1E7A4F7556}") = "Employee.API.Tests.Controllers", "Employee\Employee.API.Tests.Controllers\Employee.API.Tests.Controllers.csproj", "{BDAF9CA2-20C4-432D-8F4D-7DA3ADE34832}"
EndProject
Project("{9A19103F-16F7-4668-BE54-9A1E7A4F7556}") = "Employee.API.Tests.REST", "Employee\Employee.API.Tests.REST\Employee.API.Tests.REST.csproj", "{3E898BA0-AB03-4D67-9E8D-3A42A67F3D9C}"
EndProject
Project("{2150E333-8FDC-42A3-9474-1A3956D46DE8}") = "01.Common", "01.Common", "{868135E3-9DD7-4FA8-85E6-24D592079D98}"
EndProject
Project("{9A19103F-16F7-4668-BE54-9A1E7A4F7556}") = "Employee.IoC.Configuration", "Employee\Employee.IoC.Configuration\Employee.IoC.Configuration.csproj", "{A78CFE3C-4557-45CB-8E94-ADFE4360205C}"
EndProject
Project("{9A19103F-16F7-4668-BE54-9A1E7A4F7556}") = "Employee.Tools", "Employee\Employee.Tools\Employee.Tools.csproj", "{A9FA0F2C-7AA8-4BFD-AFD3-0337A41AB5D0}"
EndProject
Project("{2150E333-8FDC-42A3-9474-1A3956D46DE8}") = "2.Services", "2.Services", "{6775ABB8-4B5B-47A2-99D1-AE1BD7A9C33E}"
EndProject
Project("{9A19103F-16F7-4668-BE54-9A1E7A4F7556}") = "Employee.Services", "Employee\Employee.Services\Employee.Services.csproj", "{D900E7B5-236C-4BC8-BECF-762E54D359AE}"
EndProject
Project("{2150E333-8FDC-42A3-9474-1A3956D46DE8}") = "3.Repositories", "3.Repositories", "{6DBC8EE1-5651-425F-AA1F-8C0B10F0DD33}"
EndProject
Project("{2150E333-8FDC-42A3-9474-1A3956D46DE8}") = "4.DB.Context", "4.DB.Context", "{4A92FF07-47F6-4DB4-9C58-D7AF7A8E1C1E}"
EndProject
Project("{9A19103F-16F7-4668-BE54-9A1E7A4F7556}") = "Employee.DB.Context", "Employee\Employee.DB.Context\Employee.DB.Context.csproj", "{6D81075B-4E22-456E-B43E-8B15226C54F3}"
EndProject
Project("{9A19103F-16F7-4668-BE54-9A1E7A4F7556}") = "Employee.Auth.Token", "Employee\Employee.Auth.Token\Employee.Auth.Token.csproj", "{4EEA3B76-7792-4CDD-8217-AD62CBCFF7AD}"
EndProject
Project("{FAE04EC0-301F-11D3-BF4B-00C04F79EFBC}") = "Employee.Repository", "Employee.Repository\Employee.Repository.csproj", "{0746C1DA-E174-42EF-B85F-BCD9084DD86A}"
EndProject
Global
	GlobalSection(SolutionConfigurationPlatforms) = preSolution
		Debug|Any CPU = Debug|Any CPU
		Release|Any CPU = Release|Any CPU
	EndGlobalSection
	GlobalSection(ProjectConfigurationPlatforms) = postSolution
		{9512490D-ECCA-434C-9FDE-D8873B8F3494}.Debug|Any CPU.ActiveCfg = Debug|Any CPU
		{9512490D-ECCA-434C-9FDE-D8873B8F3494}.Debug|Any CPU.Build.0 = Debug|Any CPU
		{9512490D-ECCA-434C-9FDE-D8873B8F3494}.Release|Any CPU.ActiveCfg = Release|Any CPU
		{9512490D-ECCA-434C-9FDE-D8873B8F3494}.Release|Any CPU.Build.0 = Release|Any CPU
		{BB8BF558-90F9-469D-B935-5D12DF173EC6}.Debug|Any CPU.ActiveCfg = Debug|Any CPU
		{BB8BF558-90F9-469D-B935-5D12DF173EC6}.Debug|Any CPU.Build.0 = Debug|Any CPU
		{BB8BF558-90F9-469D-B935-5D12DF173EC6}.Release|Any CPU.ActiveCfg = Release|Any CPU
		{BB8BF558-90F9-469D-B935-5D12DF173EC6}.Release|Any CPU.Build.0 = Release|Any CPU
		{DD1AF20D-8185-4367-9C12-F1189C678C2C}.Debug|Any CPU.ActiveCfg = Debug|Any CPU
		{DD1AF20D-8185-4367-9C12-F1189C678C2C}.Debug|Any CPU.Build.0 = Debug|Any CPU
		{DD1AF20D-8185-4367-9C12-F1189C678C2C}.Release|Any CPU.ActiveCfg = Release|Any CPU
		{DD1AF20D-8185-4367-9C12-F1189C678C2C}.Release|Any CPU.Build.0 = Release|Any CPU
		{BDAF9CA2-20C4-432D-8F4D-7DA3ADE34832}.Debug|Any CPU.ActiveCfg = Debug|Any CPU
		{BDAF9CA2-20C4-432D-8F4D-7DA3ADE34832}.Debug|Any CPU.Build.0 = Debug|Any CPU
		{BDAF9CA2-20C4-432D-8F4D-7DA3ADE34832}.Release|Any CPU.ActiveCfg = Release|Any CPU
		{BDAF9CA2-20C4-432D-8F4D-7DA3ADE34832}.Release|Any CPU.Build.0 = Release|Any CPU
		{3E898BA0-AB03-4D67-9E8D-3A42A67F3D9C}.Debug|Any CPU.ActiveCfg = Debug|Any CPU
		{3E898BA0-AB03-4D67-9E8D-3A42A67F3D9C}.Debug|Any CPU.Build.0 = Debug|Any CPU
		{3E898BA0-AB03-4D67-9E8D-3A42A67F3D9C}.Release|Any CPU.ActiveCfg = Release|Any CPU
		{3E898BA0-AB03-4D67-9E8D-3A42A67F3D9C}.Release|Any CPU.Build.0 = Release|Any CPU
		{A78CFE3C-4557-45CB-8E94-ADFE4360205C}.Debug|Any CPU.ActiveCfg = Debug|Any CPU
		{A78CFE3C-4557-45CB-8E94-ADFE4360205C}.Debug|Any CPU.Build.0 = Debug|Any CPU
		{A78CFE3C-4557-45CB-8E94-ADFE4360205C}.Release|Any CPU.ActiveCfg = Release|Any CPU
		{A78CFE3C-4557-45CB-8E94-ADFE4360205C}.Release|Any CPU.Build.0 = Release|Any CPU
		{A9FA0F2C-7AA8-4BFD-AFD3-0337A41AB5D0}.Debug|Any CPU.ActiveCfg = Debug|Any CPU
		{A9FA0F2C-7AA8-4BFD-AFD3-0337A41AB5D0}.Debug|Any CPU.Build.0 = Debug|Any CPU
		{A9FA0F2C-7AA8-4BFD-AFD3-0337A41AB5D0}.Release|Any CPU.ActiveCfg = Release|Any CPU
		{A9FA0F2C-7AA8-4BFD-AFD3-0337A41AB5D0}.Release|Any CPU.Build.0 = Release|Any CPU
		{D900E7B5-236C-4BC8-BECF-762E54D359AE}.Debug|Any CPU.ActiveCfg = Debug|Any CPU
		{D900E7B5-236C-4BC8-BECF-762E54D359AE}.Debug|Any CPU.Build.0 = Debug|Any CPU
		{D900E7B5-236C-4BC8-BECF-762E54D359AE}.Release|Any CPU.ActiveCfg = Release|Any CPU
		{D900E7B5-236C-4BC8-BECF-762E54D359AE}.Release|Any CPU.Build.0 = Release|Any CPU
		{6D81075B-4E22-456E-B43E-8B15226C54F3}.Debug|Any CPU.ActiveCfg = Debug|Any CPU
		{6D81075B-4E22-456E-B43E-8B15226C54F3}.Debug|Any CPU.Build.0 = Debug|Any CPU
		{6D81075B-4E22-456E-B43E-8B15226C54F3}.Release|Any CPU.ActiveCfg = Release|Any CPU
		{6D81075B-4E22-456E-B43E-8B15226C54F3}.Release|Any CPU.Build.0 = Release|Any CPU
		{4EEA3B76-7792-4CDD-8217-AD62CBCFF7AD}.Debug|Any CPU.ActiveCfg = Debug|Any CPU
		{4EEA3B76-7792-4CDD-8217-AD62CBCFF7AD}.Debug|Any CPU.Build.0 = Debug|Any CPU
		{4EEA3B76-7792-4CDD-8217-AD62CBCFF7AD}.Release|Any CPU.ActiveCfg = Release|Any CPU
		{4EEA3B76-7792-4CDD-8217-AD62CBCFF7AD}.Release|Any CPU.Build.0 = Release|Any CPU
		{0746C1DA-E174-42EF-B85F-BCD9084DD86A}.Debug|Any CPU.ActiveCfg = Debug|Any CPU
		{0746C1DA-E174-42EF-B85F-BCD9084DD86A}.Debug|Any CPU.Build.0 = Debug|Any CPU
		{0746C1DA-E174-42EF-B85F-BCD9084DD86A}.Release|Any CPU.ActiveCfg = Release|Any CPU
		{0746C1DA-E174-42EF-B85F-BCD9084DD86A}.Release|Any CPU.Build.0 = Release|Any CPU
	EndGlobalSection
	GlobalSection(SolutionProperties) = preSolution
		HideSolutionNode = FALSE
	EndGlobalSection
	GlobalSection(NestedProjects) = preSolution
		{9512490D-ECCA-434C-9FDE-D8873B8F3494} = {67CBEB3C-584E-4175-A268-E1DE1006618F}
		{BB8BF558-90F9-469D-B935-5D12DF173EC6} = {67CBEB3C-584E-4175-A268-E1DE1006618F}
		{DD1AF20D-8185-4367-9C12-F1189C678C2C} = {67CBEB3C-584E-4175-A268-E1DE1006618F}
		{BDAF9CA2-20C4-432D-8F4D-7DA3ADE34832} = {0B32C697-0BE7-4D26-A490-EFB45E8D500B}
		{3E898BA0-AB03-4D67-9E8D-3A42A67F3D9C} = {0B32C697-0BE7-4D26-A490-EFB45E8D500B}
		{A78CFE3C-4557-45CB-8E94-ADFE4360205C} = {868135E3-9DD7-4FA8-85E6-24D592079D98}
		{A9FA0F2C-7AA8-4BFD-AFD3-0337A41AB5D0} = {868135E3-9DD7-4FA8-85E6-24D592079D98}
		{D900E7B5-236C-4BC8-BECF-762E54D359AE} = {6775ABB8-4B5B-47A2-99D1-AE1BD7A9C33E}
		{6D81075B-4E22-456E-B43E-8B15226C54F3} = {4A92FF07-47F6-4DB4-9C58-D7AF7A8E1C1E}
		{4EEA3B76-7792-4CDD-8217-AD62CBCFF7AD} = {67CBEB3C-584E-4175-A268-E1DE1006618F}
		{0746C1DA-E174-42EF-B85F-BCD9084DD86A} = {6DBC8EE1-5651-425F-AA1F-8C0B10F0DD33}
	EndGlobalSection
	GlobalSection(ExtensibilityGlobals) = postSolution
		SolutionGuid = {889DF54F-5A08-474A-BCD6-FE115A99A66D}
	EndGlobalSection
EndGlobal
